
Microsoft Visual Studio Solution File, Format Version 12.00
# Visual Studio 2013
VisualStudioVersion = 12.0.21005.1
MinimumVisualStudioVersion = 10.0.40219.1
Project("{FAE04EC0-301F-11D3-BF4B-00C04F79EFBC}") = "Plugin_ThuaCanhTac_GenQuyTrinhCanhTac", "Plugin_ThuaCanhTac_GenQuyTrinhCanhTac\Plugin_ThuaCanhTac_GenQuyTrinhCanhTac.csproj", "{142CBC09-4A38-4B2A-8852-F2FB3077E9E9}"
EndProject
Project("{FAE04EC0-301F-11D3-BF4B-00C04F79EFBC}") = "Test", "Test\Test.csproj", "{1A5E0F4E-57FA-491F-95D6-A312C784890E}"
EndProject
Global
	GlobalSection(SolutionConfigurationPlatforms) = preSolution
		Debug|Any CPU = Debug|Any CPU
		Release|Any CPU = Release|Any CPU
	EndGlobalSection
	GlobalSection(ProjectConfigurationPlatforms) = postSolution
		{142CBC09-4A38-4B2A-8852-F2FB3077E9E9}.Debug|Any CPU.ActiveCfg = Debug|Any CPU
		{142CBC09-4A38-4B2A-8852-F2FB3077E9E9}.Debug|Any CPU.Build.0 = Debug|Any CPU
		{142CBC09-4A38-4B2A-8852-F2FB3077E9E9}.Release|Any CPU.ActiveCfg = Release|Any CPU
		{142CBC09-4A38-4B2A-8852-F2FB3077E9E9}.Release|Any CPU.Build.0 = Release|Any CPU
		{1A5E0F4E-57FA-491F-95D6-A312C784890E}.Debug|Any CPU.ActiveCfg = Debug|Any CPU
		{1A5E0F4E-57FA-491F-95D6-A312C784890E}.Debug|Any CPU.Build.0 = Debug|Any CPU
		{1A5E0F4E-57FA-491F-95D6-A312C784890E}.Release|Any CPU.ActiveCfg = Release|Any CPU
		{1A5E0F4E-57FA-491F-95D6-A312C784890E}.Release|Any CPU.Build.0 = Release|Any CPU
	EndGlobalSection
	GlobalSection(SolutionProperties) = preSolution
		HideSolutionNode = FALSE
	EndGlobalSection
EndGlobal
